
Microsoft Visual Studio Solution File, Format Version 12.00
# Visual Studio Version 17
VisualStudioVersion = 17.6.33829.357
MinimumVisualStudioVersion = 10.0.40219.1
Project("{FAE04EC0-301F-11D3-BF4B-00C04F79EFBC}") = "Csharp_BacHAi", "Csharp_BacHAi.csproj", "{7C35DCBE-2DA4-4C31-976A-A12C8A6AE45A}"
EndProject
Global
	GlobalSection(SolutionConfigurationPlatforms) = preSolution
		Debug|Any CPU = Debug|Any CPU
		Release|Any CPU = Release|Any CPU
	EndGlobalSection
	GlobalSection(ProjectConfigurationPlatforms) = postSolution
		{7C35DCBE-2DA4-4C31-976A-A12C8A6AE45A}.Debug|Any CPU.ActiveCfg = Debug|Any CPU
		{7C35DCBE-2DA4-4C31-976A-A12C8A6AE45A}.Debug|Any CPU.Build.0 = Debug|Any CPU
		{7C35DCBE-2DA4-4C31-976A-A12C8A6AE45A}.Release|Any CPU.ActiveCfg = Release|Any CPU
		{7C35DCBE-2DA4-4C31-976A-A12C8A6AE45A}.Release|Any CPU.Build.0 = Release|Any CPU
	EndGlobalSection
	GlobalSection(SolutionProperties) = preSolution
		HideSolutionNode = FALSE
	EndGlobalSection
	GlobalSection(ExtensibilityGlobals) = postSolution
		SolutionGuid = {B22003F0-AEEB-41FB-9FA1-489988C2EF7A}
	EndGlobalSection
EndGlobal
